github.com/sebpsdev/golibs v0.0.0-20210319190847-7279603a233b h1:/1i3Pd3cMCDSH+MYnefC1TsXLOk7vQ1xRAkTzQnvwHw=
github.com/sebpsdev/golibs/generic v0.0.0-20210319190847-7279603a233b h1:GbS4k7KZPS7EGIVfbtZHbUhTbeLPoTTlHdgbrhfraEM=
github.com/sebpsdev/golibs/generic v0.0.0-20210319190847-7279603a233b/go.mod h1:JIFtjh02CDem8t7+aDyDLsSqJO57OOkpIjHJt08UTpA=
